
Microsoft Visual Studio Solution File, Format Version 12.00
# Visual Studio Version 16
VisualStudioVersion = 16.0.29411.108
MinimumVisualStudioVersion = 10.0.40219.1
Project("{FAE04EC0-301F-11D3-BF4B-00C04F79EFBC}") = "WebSocketServer", "WebSocketServer\WebSocketServer.csproj", "{DBFC44B2-CB16-4882-A003-1DDDBDB369DB}"
EndProject
Global
	GlobalSection(SolutionConfigurationPlatforms) = preSolution
		Debug|Any CPU = Debug|Any CPU
		Release|Any CPU = Release|Any CPU
	EndGlobalSection
	GlobalSection(ProjectConfigurationPlatforms) = postSolution
		{DBFC44B2-CB16-4882-A003-1DDDBDB369DB}.Debug|Any CPU.ActiveCfg = Debug|Any CPU
		{DBFC44B2-CB16-4882-A003-1DDDBDB369DB}.Debug|Any CPU.Build.0 = Debug|Any CPU
		{DBFC44B2-CB16-4882-A003-1DDDBDB369DB}.Release|Any CPU.ActiveCfg = Release|Any CPU
		{DBFC44B2-CB16-4882-A003-1DDDBDB369DB}.Release|Any CPU.Build.0 = Release|Any CPU
	EndGlobalSection
	GlobalSection(SolutionProperties) = preSolution
		HideSolutionNode = FALSE
	EndGlobalSection
	GlobalSection(ExtensibilityGlobals) = postSolution
		SolutionGuid = {55929E8F-EE23-4042-B7FF-B9841E91BFAA}
	EndGlobalSection
EndGlobal
